{"1.2.0",
[{<<"exometer_core">>,{pkg,<<"exometer_core">>,<<"2.0.0">>},0},
 {<<"hut">>,{pkg,<<"hut">>,<<"1.3.0">>},1},
 {<<"parse_trans">>,{pkg,<<"parse_trans">>,<<"3.4.1">>},1},
 {<<"poolboy">>,{pkg,<<"poolboy">>,<<"1.5.2">>},0},
 {<<"riak_pb">>,
  {git,"https://github.com/OpenRiak/riak_pb",
       {ref,"5f6e994cd45db5bdb254a515babb48d38ead485a"}},
  1},
 {<<"riakc">>,
  {git,"https://github.com/OpenRiak/riak-erlang-client.git",
       {ref,"69c8d51857cc5705f594143912264d32fe2b9a8a"}},
  0},
 {<<"setup">>,{pkg,<<"setup">>,<<"2.1.0">>},1}]}.
[
{pkg_hash,[
 {<<"exometer_core">>, <<"F19461FAE97B3AA70B6D2D586EE8101152916CB7884B973516F1F82C224CF7AD">>},
 {<<"hut">>, <<"71F2F054E657C03F959CF1ACC43F436EA87580696528CA2A55C8AFB1B06C85E7">>},
 {<<"parse_trans">>, <<"6E6AA8167CB44CC8F39441D05193BE6E6F4E7C2946CB2759F015F8C56B76E5FF">>},
 {<<"poolboy">>, <<"392B007A1693A64540CEAD79830443ABF5762F5D30CF50BC95CB2C1AAAFA006B">>},
 {<<"setup">>, <<"05F69185A5EB71474C9BC6BA892565651EC7507791F85632B7B914DBFE130510">>}]},
{pkg_hash_ext,[
 {<<"exometer_core">>, <<"AEA333E830A33BE0D7BC60701BBDC899566DE9387A4DE8649412FCBD309633A4">>},
 {<<"hut">>, <<"7E15D28555D8A1F2B5A3A931EC120AF0753E4853A4C66053DB354F35BF9AB563">>},
 {<<"parse_trans">>, <<"620A406CE75DADA827B82E453C19CF06776BE266F5A67CFF34E1EF2CBB60E49A">>},
 {<<"poolboy">>, <<"DAD79704CE5440F3D5A3681C8590B9DC25D1A561E8F5A9C995281012860901E3">>},
 {<<"setup">>, <<"EFD072578F0CF85BEA96CAAFFC7ADB0992398272522660A136E10567377071C5">>}]}
].
